# THIS IS AN AUTOGENERATED FILE. DO NOT EDIT THIS FILE DIRECTLY.
# yarn lockfile v1


core-js@^3.6.4:
  version "3.6.5"
  resolved "https://registry.yarnpkg.com/core-js/-/core-js-3.6.5.tgz#7395dc273af37fb2e50e9bd3d9fe841285231d1a"
  integrity sha512-vZVEEwZoIsI+vPEuoF9Iqf5H7/M3eeQqWlQnYa8FSKKePuYTf5MWnxb5SDAzCa60b3JBRS5g9b+Dq7b1y/RCrA==

ts-polyfill@^3.8.2:
  version "3.8.2"
  resolved "https://registry.yarnpkg.com/ts-polyfill/-/ts-polyfill-3.8.2.tgz#7375c6b6a4ae074af4f6200ff6c0d32dbbd113cb"
  integrity sha512-x0M4kx+FObO88sedZ1zld+YX+GvcgaYSVnHspNftI4GRT86FTBy41O89ztKfvue0XtaKpb8WBpPZsh82hy3Ncw==
  dependencies:
    core-js "^3.6.4"
